{
  "nodes": {
    "eldev": {
      "flake": false,
      "locked": {
        "lastModified": 1660672003,
        "narHash": "sha256-RD+7MCSdQ+fb2Lwe5ts+JcaCBfzbf8OT/9oK43MBsbY=",
        "owner": "doublep",
        "repo": "eldev",
        "rev": "df63962605f06f9914b0d33c138000cb583f65c8",
        "type": "github"
      },
      "original": {
        "owner": "doublep",
        "ref": "1.2",
        "repo": "eldev",
        "type": "github"
      }
    },
    "nixpkgs": {
      "locked": {
        "lastModified": 1658321858,
        "narHash": "sha256-2f5NzHbi1NLSYnDg6cRu25B+XRxqngicvggg+0GgKHI=",
        "path": "/nix/store/ps7746rfm0is1rl5mgsq6q3yd9c0qbfn-source",
        "rev": "26fe7618c7efbbfe28db9a52a21fb87e67ebaf06",
        "type": "path"
      },
      "original": {
        "id": "nixpkgs",
        "type": "indirect"
      }
    },
    "root": {
      "inputs": {
        "eldev": "eldev",
        "nixpkgs": "nixpkgs"
      }
    }
  },
  "root": "root",
  "version": 7
}
